
Microsoft Visual Studio Solution File, Format Version 12.00
# Visual Studio Version 16
VisualStudioVersion = 16.0.31727.386
MinimumVisualStudioVersion = 10.0.40219.1
Project("{FAE04EC0-301F-11D3-BF4B-00C04F79EFBC}") = "Array-1", "Array-1.csproj", "{2AB4D0BD-7E38-46AA-BB9B-42652A088AD4}"
EndProject
Global
	GlobalSection(SolutionConfigurationPlatforms) = preSolution
		Debug|Any CPU = Debug|Any CPU
		Release|Any CPU = Release|Any CPU
	EndGlobalSection
	GlobalSection(ProjectConfigurationPlatforms) = postSolution
		{2AB4D0BD-7E38-46AA-BB9B-42652A088AD4}.Debug|Any CPU.ActiveCfg = Debug|Any CPU
		{2AB4D0BD-7E38-46AA-BB9B-42652A088AD4}.Debug|Any CPU.Build.0 = Debug|Any CPU
		{2AB4D0BD-7E38-46AA-BB9B-42652A088AD4}.Release|Any CPU.ActiveCfg = Release|Any CPU
		{2AB4D0BD-7E38-46AA-BB9B-42652A088AD4}.Release|Any CPU.Build.0 = Release|Any CPU
	EndGlobalSection
	GlobalSection(SolutionProperties) = preSolution
		HideSolutionNode = FALSE
	EndGlobalSection
	GlobalSection(ExtensibilityGlobals) = postSolution
		SolutionGuid = {EAA811ED-BAA8-457F-965B-673A0E7DE586}
	EndGlobalSection
EndGlobal
